
Microsoft Visual Studio Solution File, Format Version 12.00
# Visual Studio Version 16
VisualStudioVersion = 16.0.31313.79
MinimumVisualStudioVersion = 10.0.40219.1
Project("{9A19103F-16F7-4668-BE54-9A1E7A4F7556}") = "ConsoleApp", "ConsoleApp.csproj", "{D191A77D-2C1C-471F-9D71-427CE7ECBC3C}"
EndProject
Project("{FAE04EC0-301F-11D3-BF4B-00C04F79EFBC}") = "ClassLib", "..\ClassLib\ClassLib.csproj", "{929784E1-AE5F-4F70-88B8-9062677A71EF}"
EndProject
Global
	GlobalSection(SolutionConfigurationPlatforms) = preSolution
		Debug|Any CPU = Debug|Any CPU
		Release|Any CPU = Release|Any CPU
	EndGlobalSection
	GlobalSection(ProjectConfigurationPlatforms) = postSolution
		{D191A77D-2C1C-471F-9D71-427CE7ECBC3C}.Debug|Any CPU.ActiveCfg = Debug|Any CPU
		{D191A77D-2C1C-471F-9D71-427CE7ECBC3C}.Debug|Any CPU.Build.0 = Debug|Any CPU
		{D191A77D-2C1C-471F-9D71-427CE7ECBC3C}.Release|Any CPU.ActiveCfg = Release|Any CPU
		{D191A77D-2C1C-471F-9D71-427CE7ECBC3C}.Release|Any CPU.Build.0 = Release|Any CPU
		{929784E1-AE5F-4F70-88B8-9062677A71EF}.Debug|Any CPU.ActiveCfg = Debug|Any CPU
		{929784E1-AE5F-4F70-88B8-9062677A71EF}.Debug|Any CPU.Build.0 = Debug|Any CPU
		{929784E1-AE5F-4F70-88B8-9062677A71EF}.Release|Any CPU.ActiveCfg = Release|Any CPU
		{929784E1-AE5F-4F70-88B8-9062677A71EF}.Release|Any CPU.Build.0 = Release|Any CPU
	EndGlobalSection
	GlobalSection(SolutionProperties) = preSolution
		HideSolutionNode = FALSE
	EndGlobalSection
	GlobalSection(ExtensibilityGlobals) = postSolution
		SolutionGuid = {6CF9E13A-038E-4E5F-9BEA-E81B08308C55}
	EndGlobalSection
EndGlobal
